
Microsoft Visual Studio Solution File, Format Version 12.00
# Visual Studio 15
VisualStudioVersion = 15.0.28307.902
MinimumVisualStudioVersion = 10.0.40219.1
Project("{FAE04EC0-301F-11D3-BF4B-00C04F79EFBC}") = "micropos.Android", "micropos\micropos.Android\micropos.Android.csproj", "{77FB619D-EFC7-4169-884F-56C24D0BF8ED}"
EndProject
Project("{FAE04EC0-301F-11D3-BF4B-00C04F79EFBC}") = "micropos.iOS", "micropos\micropos.iOS\micropos.iOS.csproj", "{5B2F3031-7B8C-490B-B14F-FB7520202CC4}"
EndProject
Project("{FAE04EC0-301F-11D3-BF4B-00C04F79EFBC}") = "micropos.UWP", "micropos\micropos.UWP\micropos.UWP.csproj", "{83977302-6602-4075-BFF8-27C1F73DCCED}"
EndProject
Project("{FAE04EC0-301F-11D3-BF4B-00C04F79EFBC}") = "micropos", "micropos\micropos\micropos.csproj", "{01AC8B24-8402-4505-A797-3663D1C3FA0F}"
EndProject
Global
	GlobalSection(SolutionConfigurationPlatforms) = preSolution
		Ad-Hoc|Any CPU = Ad-Hoc|Any CPU
		Ad-Hoc|ARM = Ad-Hoc|ARM
		Ad-Hoc|iPhone = Ad-Hoc|iPhone
		Ad-Hoc|iPhoneSimulator = Ad-Hoc|iPhoneSimulator
		Ad-Hoc|x64 = Ad-Hoc|x64
		Ad-Hoc|x86 = Ad-Hoc|x86
		AppStore|Any CPU = AppStore|Any CPU
		AppStore|ARM = AppStore|ARM
		AppStore|iPhone = AppStore|iPhone
		AppStore|iPhoneSimulator = AppStore|iPhoneSimulator
		AppStore|x64 = AppStore|x64
		AppStore|x86 = AppStore|x86
		Debug|Any CPU = Debug|Any CPU
		Debug|ARM = Debug|ARM
		Debug|iPhone = Debug|iPhone
		Debug|iPhoneSimulator = Debug|iPhoneSimulator
		Debug|x64 = Debug|x64
		Debug|x86 = Debug|x86
		Release|Any CPU = Release|Any CPU
		Release|ARM = Release|ARM
		Release|iPhone = Release|iPhone
		Release|iPhoneSimulator = Release|iPhoneSimulator
		Release|x64 = Release|x64
		Release|x86 = Release|x86
	EndGlobalSection
	GlobalSection(ProjectConfigurationPlatforms) = postSolution
		{77FB619D-EFC7-4169-884F-56C24D0BF8ED}.Ad-Hoc|Any CPU.ActiveCfg = Release|Any CPU
		{77FB619D-EFC7-4169-884F-56C24D0BF8ED}.Ad-Hoc|Any CPU.Build.0 = Release|Any CPU
		{77FB619D-EFC7-4169-884F-56C24D0BF8ED}.Ad-Hoc|Any CPU.Deploy.0 = Release|Any CPU
		{77FB619D-EFC7-4169-884F-56C24D0BF8ED}.Ad-Hoc|ARM.ActiveCfg = Release|Any CPU
		{77FB619D-EFC7-4169-884F-56C24D0BF8ED}.Ad-Hoc|ARM.Build.0 = Release|Any CPU
		{77FB619D-EFC7-4169-884F-56C24D0BF8ED}.Ad-Hoc|ARM.Deploy.0 = Release|Any CPU
		{77FB619D-EFC7-4169-884F-56C24D0BF8ED}.Ad-Hoc|iPhone.ActiveCfg = Release|Any CPU
		{77FB619D-EFC7-4169-884F-56C24D0BF8ED}.Ad-Hoc|iPhone.Build.0 = Release|Any CPU
		{77FB619D-EFC7-4169-884F-56C24D0BF8ED}.Ad-Hoc|iPhone.Deploy.0 = Release|Any CPU
		{77FB619D-EFC7-4169-884F-56C24D0BF8ED}.Ad-Hoc|iPhoneSimulator.ActiveCfg = Release|Any CPU
		{77FB619D-EFC7-4169-884F-56C24D0BF8ED}.Ad-Hoc|iPhoneSimulator.Build.0 = Release|Any CPU
		{77FB619D-EFC7-4169-884F-56C24D0BF8ED}.Ad-Hoc|iPhoneSimulator.Deploy.0 = Release|Any CPU
		{77FB619D-EFC7-4169-884F-56C24D0BF8ED}.Ad-Hoc|x64.ActiveCfg = Release|Any CPU
		{77FB619D-EFC7-4169-884F-56C24D0BF8ED}.Ad-Hoc|x64.Build.0 = Release|Any CPU
		{77FB619D-EFC7-4169-884F-56C24D0BF8ED}.Ad-Hoc|x64.Deploy.0 = Release|Any CPU
		{77FB619D-EFC7-4169-884F-56C24D0BF8ED}.Ad-Hoc|x86.ActiveCfg = Release|Any CPU
		{77FB619D-EFC7-4169-884F-56C24D0BF8ED}.Ad-Hoc|x86.Build.0 = Release|Any CPU
		{77FB619D-EFC7-4169-884F-56C24D0BF8ED}.Ad-Hoc|x86.Deploy.0 = Release|Any CPU
		{77FB619D-EFC7-4169-884F-56C24D0BF8ED}.AppStore|Any CPU.ActiveCfg = Release|Any CPU
		{77FB619D-EFC7-4169-884F-56C24D0BF8ED}.AppStore|Any CPU.Build.0 = Release|Any CPU
		{77FB619D-EFC7-4169-884F-56C24D0BF8ED}.AppStore|Any CPU.Deploy.0 = Release|Any CPU
		{77FB619D-EFC7-4169-884F-56C24D0BF8ED}.AppStore|ARM.ActiveCfg = Release|Any CPU
		{77FB619D-EFC7-4169-884F-56C24D0BF8ED}.AppStore|ARM.Build.0 = Release|Any CPU
		{77FB619D-EFC7-4169-884F-56C24D0BF8ED}.AppStore|ARM.Deploy.0 = Release|Any CPU
		{77FB619D-EFC7-4169-884F-56C24D0BF8ED}.AppStore|iPhone.ActiveCfg = Release|Any CPU
		{77FB619D-EFC7-4169-884F-56C24D0BF8ED}.AppStore|iPhone.Build.0 = Release|Any CPU
		{77FB619D-EFC7-4169-884F-56C24D0BF8ED}.AppStore|iPhone.Deploy.0 = Release|Any CPU
		{77FB619D-EFC7-4169-884F-56C24D0BF8ED}.AppStore|iPhoneSimulator.ActiveCfg = Release|Any CPU
		{77FB619D-EFC7-4169-884F-56C24D0BF8ED}.AppStore|iPhoneSimulator.Build.0 = Release|Any CPU
		{77FB619D-EFC7-4169-884F-56C24D0BF8ED}.AppStore|iPhoneSimulator.Deploy.0 = Release|Any CPU
		{77FB619D-EFC7-4169-884F-56C24D0BF8ED}.AppStore|x64.ActiveCfg = Release|Any CPU
		{77FB619D-EFC7-4169-884F-56C24D0BF8ED}.AppStore|x64.Build.0 = Release|Any CPU
		{77FB619D-EFC7-4169-884F-56C24D0BF8ED}.AppStore|x64.Deploy.0 = Release|Any CPU
		{77FB619D-EFC7-4169-884F-56C24D0BF8ED}.AppStore|x86.ActiveCfg = Release|Any CPU
		{77FB619D-EFC7-4169-884F-56C24D0BF8ED}.AppStore|x86.Build.0 = Release|Any CPU
		{77FB619D-EFC7-4169-884F-56C24D0BF8ED}.AppStore|x86.Deploy.0 = Release|Any CPU
		{77FB619D-EFC7-4169-884F-56C24D0BF8ED}.Debug|Any CPU.ActiveCfg = Debug|Any CPU
		{77FB619D-EFC7-4169-884F-56C24D0BF8ED}.Debug|Any CPU.Build.0 = Debug|Any CPU
		{77FB619D-EFC7-4169-884F-56C24D0BF8ED}.Debug|Any CPU.Deploy.0 = Debug|Any CPU
		{77FB619D-EFC7-4169-884F-56C24D0BF8ED}.Debug|ARM.ActiveCfg = Debug|Any CPU
		{77FB619D-EFC7-4169-884F-56C24D0BF8ED}.Debug|ARM.Build.0 = Debug|Any CPU
		{77FB619D-EFC7-4169-884F-56C24D0BF8ED}.Debug|ARM.Deploy.0 = Debug|Any CPU
		{77FB619D-EFC7-4169-884F-56C24D0BF8ED}.Debug|iPhone.ActiveCfg = Debug|Any CPU
		{77FB619D-EFC7-4169-884F-56C24D0BF8ED}.Debug|iPhone.Build.0 = Debug|Any CPU
		{77FB619D-EFC7-4169-884F-56C24D0BF8ED}.Debug|iPhone.Deploy.0 = Debug|Any CPU
		{77FB619D-EFC7-4169-884F-56C24D0BF8ED}.Debug|iPhoneSimulator.ActiveCfg = Debug|Any CPU
		{77FB619D-EFC7-4169-884F-56C24D0BF8ED}.Debug|iPhoneSimulator.Build.0 = Debug|Any CPU
		{77FB619D-EFC7-4169-884F-56C24D0BF8ED}.Debug|iPhoneSimulator.Deploy.0 = Debug|Any CPU
		{77FB619D-EFC7-4169-884F-56C24D0BF8ED}.Debug|x64.ActiveCfg = Debug|Any CPU
		{77FB619D-EFC7-4169-884F-56C24D0BF8ED}.Debug|x64.Build.0 = Debug|Any CPU
		{77FB619D-EFC7-4169-884F-56C24D0BF8ED}.Debug|x64.Deploy.0 = Debug|Any CPU
		{77FB619D-EFC7-4169-884F-56C24D0BF8ED}.Debug|x86.ActiveCfg = Debug|Any CPU
		{77FB619D-EFC7-4169-884F-56C24D0BF8ED}.Debug|x86.Build.0 = Debug|Any CPU
		{77FB619D-EFC7-4169-884F-56C24D0BF8ED}.Debug|x86.Deploy.0 = Debug|Any CPU
		{77FB619D-EFC7-4169-884F-56C24D0BF8ED}.Release|Any CPU.ActiveCfg = Release|Any CPU
		{77FB619D-EFC7-4169-884F-56C24D0BF8ED}.Release|Any CPU.Build.0 = Release|Any CPU
		{77FB619D-EFC7-4169-884F-56C24D0BF8ED}.Release|Any CPU.Deploy.0 = Release|Any CPU
		{77FB619D-EFC7-4169-884F-56C24D0BF8ED}.Release|ARM.ActiveCfg = Release|Any CPU
		{77FB619D-EFC7-4169-884F-56C24D0BF8ED}.Release|ARM.Build.0 = Release|Any CPU
		{77FB619D-EFC7-4169-884F-56C24D0BF8ED}.Release|ARM.Deploy.0 = Release|Any CPU
		{77FB619D-EFC7-4169-884F-56C24D0BF8ED}.Release|iPhone.ActiveCfg = Release|Any CPU
		{77FB619D-EFC7-4169-884F-56C24D0BF8ED}.Release|iPhone.Build.0 = Release|Any CPU
		{77FB619D-EFC7-4169-884F-56C24D0BF8ED}.Release|iPhone.Deploy.0 = Release|Any CPU
		{77FB619D-EFC7-4169-884F-56C24D0BF8ED}.Release|iPhoneSimulator.ActiveCfg = Release|Any CPU
		{77FB619D-EFC7-4169-884F-56C24D0BF8ED}.Release|iPhoneSimulator.Build.0 = Release|Any CPU
		{77FB619D-EFC7-4169-884F-56C24D0BF8ED}.Release|iPhoneSimulator.Deploy.0 = Release|Any CPU
		{77FB619D-EFC7-4169-884F-56C24D0BF8ED}.Release|x64.ActiveCfg = Release|Any CPU
		{77FB619D-EFC7-4169-884F-56C24D0BF8ED}.Release|x64.Build.0 = Release|Any CPU
		{77FB619D-EFC7-4169-884F-56C24D0BF8ED}.Release|x64.Deploy.0 = Release|Any CPU
		{77FB619D-EFC7-4169-884F-56C24D0BF8ED}.Release|x86.ActiveCfg = Release|Any CPU
		{77FB619D-EFC7-4169-884F-56C24D0BF8ED}.Release|x86.Build.0 = Release|Any CPU
		{77FB619D-EFC7-4169-884F-56C24D0BF8ED}.Release|x86.Deploy.0 = Release|Any CPU
		{5B2F3031-7B8C-490B-B14F-FB7520202CC4}.Ad-Hoc|Any CPU.ActiveCfg = Ad-Hoc|iPhone
		{5B2F3031-7B8C-490B-B14F-FB7520202CC4}.Ad-Hoc|Any CPU.Build.0 = Ad-Hoc|iPhone
		{5B2F3031-7B8C-490B-B14F-FB7520202CC4}.Ad-Hoc|Any CPU.Deploy.0 = Ad-Hoc|iPhone
		{5B2F3031-7B8C-490B-B14F-FB7520202CC4}.Ad-Hoc|ARM.ActiveCfg = Ad-Hoc|iPhone
		{5B2F3031-7B8C-490B-B14F-FB7520202CC4}.Ad-Hoc|ARM.Build.0 = Ad-Hoc|iPhone
		{5B2F3031-7B8C-490B-B14F-FB7520202CC4}.Ad-Hoc|ARM.Deploy.0 = Ad-Hoc|iPhone
		{5B2F3031-7B8C-490B-B14F-FB7520202CC4}.Ad-Hoc|iPhone.ActiveCfg = Ad-Hoc|iPhone
		{5B2F3031-7B8C-490B-B14F-FB7520202CC4}.Ad-Hoc|iPhone.Build.0 = Ad-Hoc|iPhone
		{5B2F3031-7B8C-490B-B14F-FB7520202CC4}.Ad-Hoc|iPhone.Deploy.0 = Ad-Hoc|iPhone
		{5B2F3031-7B8C-490B-B14F-FB7520202CC4}.Ad-Hoc|iPhoneSimulator.ActiveCfg = Ad-Hoc|iPhoneSimulator
		{5B2F3031-7B8C-490B-B14F-FB7520202CC4}.Ad-Hoc|iPhoneSimulator.Build.0 = Ad-Hoc|iPhoneSimulator
		{5B2F3031-7B8C-490B-B14F-FB7520202CC4}.Ad-Hoc|iPhoneSimulator.Deploy.0 = Ad-Hoc|iPhoneSimulator
		{5B2F3031-7B8C-490B-B14F-FB7520202CC4}.Ad-Hoc|x64.ActiveCfg = Ad-Hoc|iPhone
		{5B2F3031-7B8C-490B-B14F-FB7520202CC4}.Ad-Hoc|x64.Build.0 = Ad-Hoc|iPhone
		{5B2F3031-7B8C-490B-B14F-FB7520202CC4}.Ad-Hoc|x64.Deploy.0 = Ad-Hoc|iPhone
		{5B2F3031-7B8C-490B-B14F-FB7520202CC4}.Ad-Hoc|x86.ActiveCfg = Ad-Hoc|iPhone
		{5B2F3031-7B8C-490B-B14F-FB7520202CC4}.Ad-Hoc|x86.Build.0 = Ad-Hoc|iPhone
		{5B2F3031-7B8C-490B-B14F-FB7520202CC4}.Ad-Hoc|x86.Deploy.0 = Ad-Hoc|iPhone
		{5B2F3031-7B8C-490B-B14F-FB7520202CC4}.AppStore|Any CPU.ActiveCfg = AppStore|iPhone
		{5B2F3031-7B8C-490B-B14F-FB7520202CC4}.AppStore|Any CPU.Build.0 = AppStore|iPhone
		{5B2F3031-7B8C-490B-B14F-FB7520202CC4}.AppStore|Any CPU.Deploy.0 = AppStore|iPhone
		{5B2F3031-7B8C-490B-B14F-FB7520202CC4}.AppStore|ARM.ActiveCfg = AppStore|iPhone
		{5B2F3031-7B8C-490B-B14F-FB7520202CC4}.AppStore|ARM.Build.0 = AppStore|iPhone
		{5B2F3031-7B8C-490B-B14F-FB7520202CC4}.AppStore|ARM.Deploy.0 = AppStore|iPhone
		{5B2F3031-7B8C-490B-B14F-FB7520202CC4}.AppStore|iPhone.ActiveCfg = AppStore|iPhone
		{5B2F3031-7B8C-490B-B14F-FB7520202CC4}.AppStore|iPhone.Build.0 = AppStore|iPhone
		{5B2F3031-7B8C-490B-B14F-FB7520202CC4}.AppStore|iPhone.Deploy.0 = AppStore|iPhone
		{5B2F3031-7B8C-490B-B14F-FB7520202CC4}.AppStore|iPhoneSimulator.ActiveCfg = AppStore|iPhoneSimulator
		{5B2F3031-7B8C-490B-B14F-FB7520202CC4}.AppStore|iPhoneSimulator.Build.0 = AppStore|iPhoneSimulator
		{5B2F3031-7B8C-490B-B14F-FB7520202CC4}.AppStore|iPhoneSimulator.Deploy.0 = AppStore|iPhoneSimulator
		{5B2F3031-7B8C-490B-B14F-FB7520202CC4}.AppStore|x64.ActiveCfg = AppStore|iPhone
		{5B2F3031-7B8C-490B-B14F-FB7520202CC4}.AppStore|x64.Build.0 = AppStore|iPhone
		{5B2F3031-7B8C-490B-B14F-FB7520202CC4}.AppStore|x64.Deploy.0 = AppStore|iPhone
		{5B2F3031-7B8C-490B-B14F-FB7520202CC4}.AppStore|x86.ActiveCfg = AppStore|iPhone
		{5B2F3031-7B8C-490B-B14F-FB7520202CC4}.AppStore|x86.Build.0 = AppStore|iPhone
		{5B2F3031-7B8C-490B-B14F-FB7520202CC4}.AppStore|x86.Deploy.0 = AppStore|iPhone
		{5B2F3031-7B8C-490B-B14F-FB7520202CC4}.Debug|Any CPU.ActiveCfg = Debug|iPhoneSimulator
		{5B2F3031-7B8C-490B-B14F-FB7520202CC4}.Debug|Any CPU.Build.0 = Debug|iPhoneSimulator
		{5B2F3031-7B8C-490B-B14F-FB7520202CC4}.Debug|Any CPU.Deploy.0 = Debug|iPhoneSimulator
		{5B2F3031-7B8C-490B-B14F-FB7520202CC4}.Debug|ARM.ActiveCfg = Debug|iPhone
		{5B2F3031-7B8C-490B-B14F-FB7520202CC4}.Debug|ARM.Build.0 = Debug|iPhone
		{5B2F3031-7B8C-490B-B14F-FB7520202CC4}.Debug|ARM.Deploy.0 = Debug|iPhone
		{5B2F3031-7B8C-490B-B14F-FB7520202CC4}.Debug|iPhone.ActiveCfg = Debug|iPhone
		{5B2F3031-7B8C-490B-B14F-FB7520202CC4}.Debug|iPhone.Build.0 = Debug|iPhone
		{5B2F3031-7B8C-490B-B14F-FB7520202CC4}.Debug|iPhone.Deploy.0 = Debug|iPhone
		{5B2F3031-7B8C-490B-B14F-FB7520202CC4}.Debug|iPhoneSimulator.ActiveCfg = Debug|iPhoneSimulator
		{5B2F3031-7B8C-490B-B14F-FB7520202CC4}.Debug|iPhoneSimulator.Build.0 = Debug|iPhoneSimulator
		{5B2F3031-7B8C-490B-B14F-FB7520202CC4}.Debug|iPhoneSimulator.Deploy.0 = Debug|iPhoneSimulator
		{5B2F3031-7B8C-490B-B14F-FB7520202CC4}.Debug|x64.ActiveCfg = Debug|iPhone
		{5B2F3031-7B8C-490B-B14F-FB7520202CC4}.Debug|x64.Build.0 = Debug|iPhone
		{5B2F3031-7B8C-490B-B14F-FB7520202CC4}.Debug|x64.Deploy.0 = Debug|iPhone
		{5B2F3031-7B8C-490B-B14F-FB7520202CC4}.Debug|x86.ActiveCfg = Debug|iPhone
		{5B2F3031-7B8C-490B-B14F-FB7520202CC4}.Debug|x86.Build.0 = Debug|iPhone
		{5B2F3031-7B8C-490B-B14F-FB7520202CC4}.Debug|x86.Deploy.0 = Debug|iPhone
		{5B2F3031-7B8C-490B-B14F-FB7520202CC4}.Release|Any CPU.ActiveCfg = Release|iPhone
		{5B2F3031-7B8C-490B-B14F-FB7520202CC4}.Release|Any CPU.Build.0 = Release|iPhone
		{5B2F3031-7B8C-490B-B14F-FB7520202CC4}.Release|Any CPU.Deploy.0 = Release|iPhone
		{5B2F3031-7B8C-490B-B14F-FB7520202CC4}.Release|ARM.ActiveCfg = Release|iPhone
		{5B2F3031-7B8C-490B-B14F-FB7520202CC4}.Release|ARM.Build.0 = Release|iPhone
		{5B2F3031-7B8C-490B-B14F-FB7520202CC4}.Release|ARM.Deploy.0 = Release|iPhone
		{5B2F3031-7B8C-490B-B14F-FB7520202CC4}.Release|iPhone.ActiveCfg = Release|iPhone
		{5B2F3031-7B8C-490B-B14F-FB7520202CC4}.Release|iPhone.Build.0 = Release|iPhone
		{5B2F3031-7B8C-490B-B14F-FB7520202CC4}.Release|iPhone.Deploy.0 = Release|iPhone
		{5B2F3031-7B8C-490B-B14F-FB7520202CC4}.Release|iPhoneSimulator.ActiveCfg = Release|iPhoneSimulator
		{5B2F3031-7B8C-490B-B14F-FB7520202CC4}.Release|iPhoneSimulator.Build.0 = Release|iPhoneSimulator
		{5B2F3031-7B8C-490B-B14F-FB7520202CC4}.Release|iPhoneSimulator.Deploy.0 = Release|iPhoneSimulator
		{5B2F3031-7B8C-490B-B14F-FB7520202CC4}.Release|x64.ActiveCfg = Release|iPhone
		{5B2F3031-7B8C-490B-B14F-FB7520202CC4}.Release|x64.Build.0 = Release|iPhone
		{5B2F3031-7B8C-490B-B14F-FB7520202CC4}.Release|x64.Deploy.0 = Release|iPhone
		{5B2F3031-7B8C-490B-B14F-FB7520202CC4}.Release|x86.ActiveCfg = Release|iPhone
		{5B2F3031-7B8C-490B-B14F-FB7520202CC4}.Release|x86.Build.0 = Release|iPhone
		{5B2F3031-7B8C-490B-B14F-FB7520202CC4}.Release|x86.Deploy.0 = Release|iPhone
		{83977302-6602-4075-BFF8-27C1F73DCCED}.Ad-Hoc|Any CPU.ActiveCfg = Release|x86
		{83977302-6602-4075-BFF8-27C1F73DCCED}.Ad-Hoc|Any CPU.Build.0 = Release|x86
		{83977302-6602-4075-BFF8-27C1F73DCCED}.Ad-Hoc|Any CPU.Deploy.0 = Release|x86
		{83977302-6602-4075-BFF8-27C1F73DCCED}.Ad-Hoc|ARM.ActiveCfg = Release|ARM
		{83977302-6602-4075-BFF8-27C1F73DCCED}.Ad-Hoc|ARM.Build.0 = Release|ARM
		{83977302-6602-4075-BFF8-27C1F73DCCED}.Ad-Hoc|ARM.Deploy.0 = Release|ARM
		{83977302-6602-4075-BFF8-27C1F73DCCED}.Ad-Hoc|iPhone.ActiveCfg = Release|x86
		{83977302-6602-4075-BFF8-27C1F73DCCED}.Ad-Hoc|iPhone.Build.0 = Release|x86
		{83977302-6602-4075-BFF8-27C1F73DCCED}.Ad-Hoc|iPhone.Deploy.0 = Release|x86
		{83977302-6602-4075-BFF8-27C1F73DCCED}.Ad-Hoc|iPhoneSimulator.ActiveCfg = Release|x86
		{83977302-6602-4075-BFF8-27C1F73DCCED}.Ad-Hoc|iPhoneSimulator.Build.0 = Release|x86
		{83977302-6602-4075-BFF8-27C1F73DCCED}.Ad-Hoc|iPhoneSimulator.Deploy.0 = Release|x86
		{83977302-6602-4075-BFF8-27C1F73DCCED}.Ad-Hoc|x64.ActiveCfg = Release|x64
		{83977302-6602-4075-BFF8-27C1F73DCCED}.Ad-Hoc|x64.Build.0 = Release|x64
		{83977302-6602-4075-BFF8-27C1F73DCCED}.Ad-Hoc|x64.Deploy.0 = Release|x64
		{83977302-6602-4075-BFF8-27C1F73DCCED}.Ad-Hoc|x86.ActiveCfg = Release|x86
		{83977302-6602-4075-BFF8-27C1F73DCCED}.Ad-Hoc|x86.Build.0 = Release|x86
		{83977302-6602-4075-BFF8-27C1F73DCCED}.Ad-Hoc|x86.Deploy.0 = Release|x86
		{83977302-6602-4075-BFF8-27C1F73DCCED}.AppStore|Any CPU.ActiveCfg = Release|x86
		{83977302-6602-4075-BFF8-27C1F73DCCED}.AppStore|Any CPU.Build.0 = Release|x86
		{83977302-6602-4075-BFF8-27C1F73DCCED}.AppStore|Any CPU.Deploy.0 = Release|x86
		{83977302-6602-4075-BFF8-27C1F73DCCED}.AppStore|ARM.ActiveCfg = Release|ARM
		{83977302-6602-4075-BFF8-27C1F73DCCED}.AppStore|ARM.Build.0 = Release|ARM
		{83977302-6602-4075-BFF8-27C1F73DCCED}.AppStore|ARM.Deploy.0 = Release|ARM
		{83977302-6602-4075-BFF8-27C1F73DCCED}.AppStore|iPhone.ActiveCfg = Release|x86
		{83977302-6602-4075-BFF8-27C1F73DCCED}.AppStore|iPhone.Build.0 = Release|x86
		{83977302-6602-4075-BFF8-27C1F73DCCED}.AppStore|iPhone.Deploy.0 = Release|x86
		{83977302-6602-4075-BFF8-27C1F73DCCED}.AppStore|iPhoneSimulator.ActiveCfg = Release|x86
		{83977302-6602-4075-BFF8-27C1F73DCCED}.AppStore|iPhoneSimulator.Build.0 = Release|x86
		{83977302-6602-4075-BFF8-27C1F73DCCED}.AppStore|iPhoneSimulator.Deploy.0 = Release|x86
		{83977302-6602-4075-BFF8-27C1F73DCCED}.AppStore|x64.ActiveCfg = Release|x64
		{83977302-6602-4075-BFF8-27C1F73DCCED}.AppStore|x64.Build.0 = Release|x64
		{83977302-6602-4075-BFF8-27C1F73DCCED}.AppStore|x64.Deploy.0 = Release|x64
		{83977302-6602-4075-BFF8-27C1F73DCCED}.AppStore|x86.ActiveCfg = Release|x86
		{83977302-6602-4075-BFF8-27C1F73DCCED}.AppStore|x86.Build.0 = Release|x86
		{83977302-6602-4075-BFF8-27C1F73DCCED}.AppStore|x86.Deploy.0 = Release|x86
		{83977302-6602-4075-BFF8-27C1F73DCCED}.Debug|Any CPU.ActiveCfg = Debug|x86
		{83977302-6602-4075-BFF8-27C1F73DCCED}.Debug|Any CPU.Build.0 = Debug|x86
		{83977302-6602-4075-BFF8-27C1F73DCCED}.Debug|Any CPU.Deploy.0 = Debug|x86
		{83977302-6602-4075-BFF8-27C1F73DCCED}.Debug|ARM.ActiveCfg = Debug|ARM
		{83977302-6602-4075-BFF8-27C1F73DCCED}.Debug|ARM.Build.0 = Debug|ARM
		{83977302-6602-4075-BFF8-27C1F73DCCED}.Debug|ARM.Deploy.0 = Debug|ARM
		{83977302-6602-4075-BFF8-27C1F73DCCED}.Debug|iPhone.ActiveCfg = Debug|x86
		{83977302-6602-4075-BFF8-27C1F73DCCED}.Debug|iPhone.Build.0 = Debug|x86
		{83977302-6602-4075-BFF8-27C1F73DCCED}.Debug|iPhone.Deploy.0 = Debug|x86
		{83977302-6602-4075-BFF8-27C1F73DCCED}.Debug|iPhoneSimulator.ActiveCfg = Debug|x86
		{83977302-6602-4075-BFF8-27C1F73DCCED}.Debug|iPhoneSimulator.Build.0 = Debug|x86
		{83977302-6602-4075-BFF8-27C1F73DCCED}.Debug|iPhoneSimulator.Deploy.0 = Debug|x86
		{83977302-6602-4075-BFF8-27C1F73DCCED}.Debug|x64.ActiveCfg = Debug|x64
		{83977302-6602-4075-BFF8-27C1F73DCCED}.Debug|x64.Build.0 = Debug|x64
		{83977302-6602-4075-BFF8-27C1F73DCCED}.Debug|x64.Deploy.0 = Debug|x64
		{83977302-6602-4075-BFF8-27C1F73DCCED}.Debug|x86.ActiveCfg = Debug|x86
		{83977302-6602-4075-BFF8-27C1F73DCCED}.Debug|x86.Build.0 = Debug|x86
		{83977302-6602-4075-BFF8-27C1F73DCCED}.Debug|x86.Deploy.0 = Debug|x86
		{83977302-6602-4075-BFF8-27C1F73DCCED}.Release|Any CPU.ActiveCfg = Release|x86
		{83977302-6602-4075-BFF8-27C1F73DCCED}.Release|Any CPU.Build.0 = Release|x86
		{83977302-6602-4075-BFF8-27C1F73DCCED}.Release|Any CPU.Deploy.0 = Release|x86
		{83977302-6602-4075-BFF8-27C1F73DCCED}.Release|ARM.ActiveCfg = Release|ARM
		{83977302-6602-4075-BFF8-27C1F73DCCED}.Release|ARM.Build.0 = Release|ARM
		{83977302-6602-4075-BFF8-27C1F73DCCED}.Release|ARM.Deploy.0 = Release|ARM
		{83977302-6602-4075-BFF8-27C1F73DCCED}.Release|iPhone.ActiveCfg = Release|x86
		{83977302-6602-4075-BFF8-27C1F73DCCED}.Release|iPhone.Build.0 = Release|x86
		{83977302-6602-4075-BFF8-27C1F73DCCED}.Release|iPhone.Deploy.0 = Release|x86
		{83977302-6602-4075-BFF8-27C1F73DCCED}.Release|iPhoneSimulator.ActiveCfg = Release|x86
		{83977302-6602-4075-BFF8-27C1F73DCCED}.Release|iPhoneSimulator.Build.0 = Release|x86
		{83977302-6602-4075-BFF8-27C1F73DCCED}.Release|iPhoneSimulator.Deploy.0 = Release|x86
		{83977302-6602-4075-BFF8-27C1F73DCCED}.Release|x64.ActiveCfg = Release|x64
		{83977302-6602-4075-BFF8-27C1F73DCCED}.Release|x64.Build.0 = Release|x64
		{83977302-6602-4075-BFF8-27C1F73DCCED}.Release|x64.Deploy.0 = Release|x64
		{83977302-6602-4075-BFF8-27C1F73DCCED}.Release|x86.ActiveCfg = Release|x86
		{83977302-6602-4075-BFF8-27C1F73DCCED}.Release|x86.Build.0 = Release|x86
		{83977302-6602-4075-BFF8-27C1F73DCCED}.Release|x86.Deploy.0 = Release|x86
		{01AC8B24-8402-4505-A797-3663D1C3FA0F}.Ad-Hoc|Any CPU.ActiveCfg = Debug|Any CPU
		{01AC8B24-8402-4505-A797-3663D1C3FA0F}.Ad-Hoc|Any CPU.Build.0 = Debug|Any CPU
		{01AC8B24-8402-4505-A797-3663D1C3FA0F}.Ad-Hoc|Any CPU.Deploy.0 = Debug|Any CPU
		{01AC8B24-8402-4505-A797-3663D1C3FA0F}.Ad-Hoc|ARM.ActiveCfg = Debug|Any CPU
		{01AC8B24-8402-4505-A797-3663D1C3FA0F}.Ad-Hoc|ARM.Build.0 = Debug|Any CPU
		{01AC8B24-8402-4505-A797-3663D1C3FA0F}.Ad-Hoc|ARM.Deploy.0 = Debug|Any CPU
		{01AC8B24-8402-4505-A797-3663D1C3FA0F}.Ad-Hoc|iPhone.ActiveCfg = Debug|Any CPU
		{01AC8B24-8402-4505-A797-3663D1C3FA0F}.Ad-Hoc|iPhone.Build.0 = Debug|Any CPU
		{01AC8B24-8402-4505-A797-3663D1C3FA0F}.Ad-Hoc|iPhone.Deploy.0 = Debug|Any CPU
		{01AC8B24-8402-4505-A797-3663D1C3FA0F}.Ad-Hoc|iPhoneSimulator.ActiveCfg = Debug|Any CPU
		{01AC8B24-8402-4505-A797-3663D1C3FA0F}.Ad-Hoc|iPhoneSimulator.Build.0 = Debug|Any CPU
		{01AC8B24-8402-4505-A797-3663D1C3FA0F}.Ad-Hoc|iPhoneSimulator.Deploy.0 = Debug|Any CPU
		{01AC8B24-8402-4505-A797-3663D1C3FA0F}.Ad-Hoc|x64.ActiveCfg = Debug|Any CPU
		{01AC8B24-8402-4505-A797-3663D1C3FA0F}.Ad-Hoc|x64.Build.0 = Debug|Any CPU
		{01AC8B24-8402-4505-A797-3663D1C3FA0F}.Ad-Hoc|x64.Deploy.0 = Debug|Any CPU
		{01AC8B24-8402-4505-A797-3663D1C3FA0F}.Ad-Hoc|x86.ActiveCfg = Debug|Any CPU
		{01AC8B24-8402-4505-A797-3663D1C3FA0F}.Ad-Hoc|x86.Build.0 = Debug|Any CPU
		{01AC8B24-8402-4505-A797-3663D1C3FA0F}.Ad-Hoc|x86.Deploy.0 = Debug|Any CPU
		{01AC8B24-8402-4505-A797-3663D1C3FA0F}.AppStore|Any CPU.ActiveCfg = Debug|Any CPU
		{01AC8B24-8402-4505-A797-3663D1C3FA0F}.AppStore|Any CPU.Build.0 = Debug|Any CPU
		{01AC8B24-8402-4505-A797-3663D1C3FA0F}.AppStore|Any CPU.Deploy.0 = Debug|Any CPU
		{01AC8B24-8402-4505-A797-3663D1C3FA0F}.AppStore|ARM.ActiveCfg = Debug|Any CPU
		{01AC8B24-8402-4505-A797-3663D1C3FA0F}.AppStore|ARM.Build.0 = Debug|Any CPU
		{01AC8B24-8402-4505-A797-3663D1C3FA0F}.AppStore|ARM.Deploy.0 = Debug|Any CPU
		{01AC8B24-8402-4505-A797-3663D1C3FA0F}.AppStore|iPhone.ActiveCfg = Debug|Any CPU
		{01AC8B24-8402-4505-A797-3663D1C3FA0F}.AppStore|iPhone.Build.0 = Debug|Any CPU
		{01AC8B24-8402-4505-A797-3663D1C3FA0F}.AppStore|iPhone.Deploy.0 = Debug|Any CPU
		{01AC8B24-8402-4505-A797-3663D1C3FA0F}.AppStore|iPhoneSimulator.ActiveCfg = Debug|Any CPU
		{01AC8B24-8402-4505-A797-3663D1C3FA0F}.AppStore|iPhoneSimulator.Build.0 = Debug|Any CPU
		{01AC8B24-8402-4505-A797-3663D1C3FA0F}.AppStore|iPhoneSimulator.Deploy.0 = Debug|Any CPU
		{01AC8B24-8402-4505-A797-3663D1C3FA0F}.AppStore|x64.ActiveCfg = Debug|Any CPU
		{01AC8B24-8402-4505-A797-3663D1C3FA0F}.AppStore|x64.Build.0 = Debug|Any CPU
		{01AC8B24-8402-4505-A797-3663D1C3FA0F}.AppStore|x64.Deploy.0 = Debug|Any CPU
		{01AC8B24-8402-4505-A797-3663D1C3FA0F}.AppStore|x86.ActiveCfg = Debug|Any CPU
		{01AC8B24-8402-4505-A797-3663D1C3FA0F}.AppStore|x86.Build.0 = Debug|Any CPU
		{01AC8B24-8402-4505-A797-3663D1C3FA0F}.AppStore|x86.Deploy.0 = Debug|Any CPU
		{01AC8B24-8402-4505-A797-3663D1C3FA0F}.Debug|Any CPU.ActiveCfg = Debug|Any CPU
		{01AC8B24-8402-4505-A797-3663D1C3FA0F}.Debug|Any CPU.Build.0 = Debug|Any CPU
		{01AC8B24-8402-4505-A797-3663D1C3FA0F}.Debug|Any CPU.Deploy.0 = Debug|Any CPU
		{01AC8B24-8402-4505-A797-3663D1C3FA0F}.Debug|ARM.ActiveCfg = Debug|Any CPU
		{01AC8B24-8402-4505-A797-3663D1C3FA0F}.Debug|ARM.Build.0 = Debug|Any CPU
		{01AC8B24-8402-4505-A797-3663D1C3FA0F}.Debug|ARM.Deploy.0 = Debug|Any CPU
		{01AC8B24-8402-4505-A797-3663D1C3FA0F}.Debug|iPhone.ActiveCfg = Debug|Any CPU
		{01AC8B24-8402-4505-A797-3663D1C3FA0F}.Debug|iPhone.Build.0 = Debug|Any CPU
		{01AC8B24-8402-4505-A797-3663D1C3FA0F}.Debug|iPhone.Deploy.0 = Debug|Any CPU
		{01AC8B24-8402-4505-A797-3663D1C3FA0F}.Debug|iPhoneSimulator.ActiveCfg = Debug|Any CPU
		{01AC8B24-8402-4505-A797-3663D1C3FA0F}.Debug|iPhoneSimulator.Build.0 = Debug|Any CPU
		{01AC8B24-8402-4505-A797-3663D1C3FA0F}.Debug|iPhoneSimulator.Deploy.0 = Debug|Any CPU
		{01AC8B24-8402-4505-A797-3663D1C3FA0F}.Debug|x64.ActiveCfg = Debug|Any CPU
		{01AC8B24-8402-4505-A797-3663D1C3FA0F}.Debug|x64.Build.0 = Debug|Any CPU
		{01AC8B24-8402-4505-A797-3663D1C3FA0F}.Debug|x64.Deploy.0 = Debug|Any CPU
		{01AC8B24-8402-4505-A797-3663D1C3FA0F}.Debug|x86.ActiveCfg = Debug|Any CPU
		{01AC8B24-8402-4505-A797-3663D1C3FA0F}.Debug|x86.Build.0 = Debug|Any CPU
		{01AC8B24-8402-4505-A797-3663D1C3FA0F}.Debug|x86.Deploy.0 = Debug|Any CPU
		{01AC8B24-8402-4505-A797-3663D1C3FA0F}.Release|Any CPU.ActiveCfg = Release|Any CPU
		{01AC8B24-8402-4505-A797-3663D1C3FA0F}.Release|Any CPU.Build.0 = Release|Any CPU
		{01AC8B24-8402-4505-A797-3663D1C3FA0F}.Release|Any CPU.Deploy.0 = Release|Any CPU
		{01AC8B24-8402-4505-A797-3663D1C3FA0F}.Release|ARM.ActiveCfg = Release|Any CPU
		{01AC8B24-8402-4505-A797-3663D1C3FA0F}.Release|ARM.Build.0 = Release|Any CPU
		{01AC8B24-8402-4505-A797-3663D1C3FA0F}.Release|ARM.Deploy.0 = Release|Any CPU
		{01AC8B24-8402-4505-A797-3663D1C3FA0F}.Release|iPhone.ActiveCfg = Release|Any CPU
		{01AC8B24-8402-4505-A797-3663D1C3FA0F}.Release|iPhone.Build.0 = Release|Any CPU
		{01AC8B24-8402-4505-A797-3663D1C3FA0F}.Release|iPhone.Deploy.0 = Release|Any CPU
		{01AC8B24-8402-4505-A797-3663D1C3FA0F}.Release|iPhoneSimulator.ActiveCfg = Release|Any CPU
		{01AC8B24-8402-4505-A797-3663D1C3FA0F}.Release|iPhoneSimulator.Build.0 = Release|Any CPU
		{01AC8B24-8402-4505-A797-3663D1C3FA0F}.Release|iPhoneSimulator.Deploy.0 = Release|Any CPU
		{01AC8B24-8402-4505-A797-3663D1C3FA0F}.Release|x64.ActiveCfg = Release|Any CPU
		{01AC8B24-8402-4505-A797-3663D1C3FA0F}.Release|x64.Build.0 = Release|Any CPU
		{01AC8B24-8402-4505-A797-3663D1C3FA0F}.Release|x64.Deploy.0 = Release|Any CPU
		{01AC8B24-8402-4505-A797-3663D1C3FA0F}.Release|x86.ActiveCfg = Release|Any CPU
		{01AC8B24-8402-4505-A797-3663D1C3FA0F}.Release|x86.Build.0 = Release|Any CPU
		{01AC8B24-8402-4505-A797-3663D1C3FA0F}.Release|x86.Deploy.0 = Release|Any CPU
	EndGlobalSection
	GlobalSection(SolutionProperties) = preSolution
		HideSolutionNode = FALSE
	EndGlobalSection
	GlobalSection(ExtensibilityGlobals) = postSolution
		SolutionGuid = {EBD7AE69-E347-4C9B-B7DD-528FCA0B54D1}
	EndGlobalSection
EndGlobal
